// !$*UTF8*$!
{
	archiveVersion = 1;
	classes = {
	};
	objectVersion = 56;
	objects = {

/* Begin PBXBuildFile section */
		1D27AEBE2B9B64F400EF701D /* String+Ext.swift in Sources */ = {isa = PBXBuildFile; fileRef = 1D27AEBD2B9B64F400EF701D /* String+Ext.swift */; };
		1D3C4AA72B95B1EF007264E6 /* HomeVC.swift in Sources */ = {isa = PBXBuildFile; fileRef = 1D3C4AA62B95B1EF007264E6 /* HomeVC.swift */; };
		1D3C4AA92B95F6D9007264E6 /* CategCell.swift in Sources */ = {isa = PBXBuildFile; fileRef = 1D3C4AA82B95F6D9007264E6 /* CategCell.swift */; };
		1D3C4AAD2B960B4D007264E6 /* TaskCountCell.swift in Sources */ = {isa = PBXBuildFile; fileRef = 1D3C4AAC2B960B4D007264E6 /* TaskCountCell.swift */; };
		1D5409312B9905AC00B69081 /* toDoCell.swift in Sources */ = {isa = PBXBuildFile; fileRef = 1D5409302B9905AC00B69081 /* toDoCell.swift */; };
		1D699D862B80D61400C9C6F2 /* AppDelegate.swift in Sources */ = {isa = PBXBuildFile; fileRef = 1D699D852B80D61400C9C6F2 /* AppDelegate.swift */; };
		1D699D882B80D61400C9C6F2 /* SceneDelegate.swift in Sources */ = {isa = PBXBuildFile; fileRef = 1D699D872B80D61400C9C6F2 /* SceneDelegate.swift */; };
		1D699D8A2B80D61400C9C6F2 /* ViewController.swift in Sources */ = {isa = PBXBuildFile; fileRef = 1D699D892B80D61400C9C6F2 /* ViewController.swift */; };
		1D699D8D2B80D61400C9C6F2 /* Main.storyboard in Resources */ = {isa = PBXBuildFile; fileRef = 1D699D8B2B80D61400C9C6F2 /* Main.storyboard */; };
		1D699D8F2B80D61700C9C6F2 /* Assets.xcassets in Resources */ = {isa = PBXBuildFile; fileRef = 1D699D8E2B80D61700C9C6F2 /* Assets.xcassets */; };
		1D699D922B80D61700C9C6F2 /* LaunchScreen.storyboard in Resources */ = {isa = PBXBuildFile; fileRef = 1D699D902B80D61700C9C6F2 /* LaunchScreen.storyboard */; };
		1D699D9D2B80E9C300C9C6F2 /* EATextField.swift in Sources */ = {isa = PBXBuildFile; fileRef = 1D699D9C2B80E9C300C9C6F2 /* EATextField.swift */; };
		1D699D9F2B80EDA000C9C6F2 /* EAButton.swift in Sources */ = {isa = PBXBuildFile; fileRef = 1D699D9E2B80EDA000C9C6F2 /* EAButton.swift */; };
		1D699DA22B80F01A00C9C6F2 /* FirebaseAnalytics in Frameworks */ = {isa = PBXBuildFile; productRef = 1D699DA12B80F01A00C9C6F2 /* FirebaseAnalytics */; };
		1D699DA42B80F01A00C9C6F2 /* FirebaseAnalyticsOnDeviceConversion in Frameworks */ = {isa = PBXBuildFile; productRef = 1D699DA32B80F01A00C9C6F2 /* FirebaseAnalyticsOnDeviceConversion */; };
		1D699DA62B80F01A00C9C6F2 /* FirebaseAnalyticsSwift in Frameworks */ = {isa = PBXBuildFile; productRef = 1D699DA52B80F01A00C9C6F2 /* FirebaseAnalyticsSwift */; };
		1D699DA82B80F01A00C9C6F2 /* FirebaseAnalyticsWithoutAdIdSupport in Frameworks */ = {isa = PBXBuildFile; productRef = 1D699DA72B80F01A00C9C6F2 /* FirebaseAnalyticsWithoutAdIdSupport */; };
		1D699DAA2B80F01A00C9C6F2 /* FirebaseAppCheck in Frameworks */ = {isa = PBXBuildFile; productRef = 1D699DA92B80F01A00C9C6F2 /* FirebaseAppCheck */; };
		1D699DAC2B80F01A00C9C6F2 /* FirebaseAppDistribution-Beta in Frameworks */ = {isa = PBXBuildFile; productRef = 1D699DAB2B80F01A00C9C6F2 /* FirebaseAppDistribution-Beta */; };
		1D699DAE2B80F01A00C9C6F2 /* FirebaseAuth in Frameworks */ = {isa = PBXBuildFile; productRef = 1D699DAD2B80F01A00C9C6F2 /* FirebaseAuth */; };
		1D699DB02B80F01A00C9C6F2 /* FirebaseAuthCombine-Community in Frameworks */ = {isa = PBXBuildFile; productRef = 1D699DAF2B80F01A00C9C6F2 /* FirebaseAuthCombine-Community */; };
		1D699DB22B80F01A00C9C6F2 /* FirebaseCrashlytics in Frameworks */ = {isa = PBXBuildFile; productRef = 1D699DB12B80F01A00C9C6F2 /* FirebaseCrashlytics */; };
		1D699DB42B80F01A00C9C6F2 /* FirebaseDatabase in Frameworks */ = {isa = PBXBuildFile; productRef = 1D699DB32B80F01A00C9C6F2 /* FirebaseDatabase */; };
		1D699DB62B80F01A00C9C6F2 /* FirebaseDatabaseSwift in Frameworks */ = {isa = PBXBuildFile; productRef = 1D699DB52B80F01A00C9C6F2 /* FirebaseDatabaseSwift */; };
		1D699DB82B80F01A00C9C6F2 /* FirebaseDynamicLinks in Frameworks */ = {isa = PBXBuildFile; productRef = 1D699DB72B80F01A00C9C6F2 /* FirebaseDynamicLinks */; };
		1D699DBA2B80F01A00C9C6F2 /* FirebaseFirestore in Frameworks */ = {isa = PBXBuildFile; productRef = 1D699DB92B80F01A00C9C6F2 /* FirebaseFirestore */; };
		1D699DBC2B80F01A00C9C6F2 /* FirebaseFirestoreCombine-Community in Frameworks */ = {isa = PBXBuildFile; productRef = 1D699DBB2B80F01A00C9C6F2 /* FirebaseFirestoreCombine-Community */; };
		1D699DBE2B80F01A00C9C6F2 /* FirebaseFirestoreSwift in Frameworks */ = {isa = PBXBuildFile; productRef = 1D699DBD2B80F01A00C9C6F2 /* FirebaseFirestoreSwift */; };
		1D699DC02B80F01A00C9C6F2 /* FirebaseFunctions in Frameworks */ = {isa = PBXBuildFile; productRef = 1D699DBF2B80F01A00C9C6F2 /* FirebaseFunctions */; };
		1D699DC22B80F01A00C9C6F2 /* FirebaseFunctionsCombine-Community in Frameworks */ = {isa = PBXBuildFile; productRef = 1D699DC12B80F01A00C9C6F2 /* FirebaseFunctionsCombine-Community */; };
		1D699DC42B80F01A00C9C6F2 /* FirebaseInAppMessaging-Beta in Frameworks */ = {isa = PBXBuildFile; productRef = 1D699DC32B80F01A00C9C6F2 /* FirebaseInAppMessaging-Beta */; };
		1D699DC62B80F01A00C9C6F2 /* FirebaseInAppMessagingSwift-Beta in Frameworks */ = {isa = PBXBuildFile; productRef = 1D699DC52B80F01A00C9C6F2 /* FirebaseInAppMessagingSwift-Beta */; };
		1D699DC82B80F01A00C9C6F2 /* FirebaseInstallations in Frameworks */ = {isa = PBXBuildFile; productRef = 1D699DC72B80F01A00C9C6F2 /* FirebaseInstallations */; };
		1D699DCA2B80F01A00C9C6F2 /* FirebaseMLModelDownloader in Frameworks */ = {isa = PBXBuildFile; productRef = 1D699DC92B80F01A00C9C6F2 /* FirebaseMLModelDownloader */; };
		1D699DCC2B80F01A00C9C6F2 /* FirebaseMessaging in Frameworks */ = {isa = PBXBuildFile; productRef = 1D699DCB2B80F01A00C9C6F2 /* FirebaseMessaging */; };
		1D699DCE2B80F01A00C9C6F2 /* FirebasePerformance in Frameworks */ = {isa = PBXBuildFile; productRef = 1D699DCD2B80F01A00C9C6F2 /* FirebasePerformance */; };
		1D699DD02B80F01A00C9C6F2 /* FirebaseRemoteConfig in Frameworks */ = {isa = PBXBuildFile; productRef = 1D699DCF2B80F01A00C9C6F2 /* FirebaseRemoteConfig */; };
		1D699DD22B80F01A00C9C6F2 /* FirebaseRemoteConfigSwift in Frameworks */ = {isa = PBXBuildFile; productRef = 1D699DD12B80F01A00C9C6F2 /* FirebaseRemoteConfigSwift */; };
		1D699DD42B80F01A00C9C6F2 /* FirebaseStorage in Frameworks */ = {isa = PBXBuildFile; productRef = 1D699DD32B80F01A00C9C6F2 /* FirebaseStorage */; };
		1D699DD62B80F01A00C9C6F2 /* FirebaseStorageCombine-Community in Frameworks */ = {isa = PBXBuildFile; productRef = 1D699DD52B80F01A00C9C6F2 /* FirebaseStorageCombine-Community */; };
		1D699DDA2B80F36D00C9C6F2 /* NotesVC.swift in Sources */ = {isa = PBXBuildFile; fileRef = 1D699DD92B80F36D00C9C6F2 /* NotesVC.swift */; };
		1D699DDC2B8100D500C9C6F2 /* TaskCell.swift in Sources */ = {isa = PBXBuildFile; fileRef = 1D699DDB2B8100D500C9C6F2 /* TaskCell.swift */; };
		1D699DDE2B8104CC00C9C6F2 /* EATitle.swift in Sources */ = {isa = PBXBuildFile; fileRef = 1D699DDD2B8104CC00C9C6F2 /* EATitle.swift */; };
		1D699DE02B81098100C9C6F2 /* AddItemVC.swift in Sources */ = {isa = PBXBuildFile; fileRef = 1D699DDF2B81098000C9C6F2 /* AddItemVC.swift */; };
		1D699DE22B810B1200C9C6F2 /* EALabel.swift in Sources */ = {isa = PBXBuildFile; fileRef = 1D699DE12B810B1200C9C6F2 /* EALabel.swift */; };
		1D699DE62B8117BF00C9C6F2 /* EATextView.swift in Sources */ = {isa = PBXBuildFile; fileRef = 1D699DE52B8117BF00C9C6F2 /* EATextView.swift */; };
		1D699DE82B811EFC00C9C6F2 /* EditVC.swift in Sources */ = {isa = PBXBuildFile; fileRef = 1D699DE72B811EFC00C9C6F2 /* EditVC.swift */; };
		1D699DEA2B8120B300C9C6F2 /* EAView.swift in Sources */ = {isa = PBXBuildFile; fileRef = 1D699DE92B8120B300C9C6F2 /* EAView.swift */; };
		1D699DED2B8139CA00C9C6F2 /* ColorCell.swift in Sources */ = {isa = PBXBuildFile; fileRef = 1D699DEC2B8139CA00C9C6F2 /* ColorCell.swift */; };
		1D699DF02B8147C100C9C6F2 /* Notes.swift in Sources */ = {isa = PBXBuildFile; fileRef = 1D699DEF2B8147C100C9C6F2 /* Notes.swift */; };
		1D749DAF2B90D96C0067F740 /* GoogleService-Info.plist in Resources */ = {isa = PBXBuildFile; fileRef = 1D749DAE2B90D96C0067F740 /* GoogleService-Info.plist */; };
		1D749DB12B92EBA50067F740 /* UIImage+Ext.swift in Sources */ = {isa = PBXBuildFile; fileRef = 1D749DB02B92EBA50067F740 /* UIImage+Ext.swift */; };
		1D749DB42B9453FC0067F740 /* FSCalendar in Frameworks */ = {isa = PBXBuildFile; productRef = 1D749DB32B9453FC0067F740 /* FSCalendar */; };
		1D749DB82B9454BC0067F740 /* CalendarVC.swift in Sources */ = {isa = PBXBuildFile; fileRef = 1D749DB72B9454BC0067F740 /* CalendarVC.swift */; };
		1D749DBA2B9467160067F740 /* CalendarCell.swift in Sources */ = {isa = PBXBuildFile; fileRef = 1D749DB92B9467160067F740 /* CalendarCell.swift */; };
		1D9D7D962B832B14006A1DD8 /* AlertVC.swift in Sources */ = {isa = PBXBuildFile; fileRef = 1D9D7D952B832B14006A1DD8 /* AlertVC.swift */; };
		1D9D7D992B832FF8006A1DD8 /* UIViewController+Ext.swift in Sources */ = {isa = PBXBuildFile; fileRef = 1D9D7D982B832FF8006A1DD8 /* UIViewController+Ext.swift */; };
		1D9D7D9B2B8495B1006A1DD8 /* AuthPassAlert.swift in Sources */ = {isa = PBXBuildFile; fileRef = 1D9D7D9A2B8495B1006A1DD8 /* AuthPassAlert.swift */; };
/* End PBXBuildFile section */

/* Begin PBXFileReference section */
		1D27AEBD2B9B64F400EF701D /* String+Ext.swift */ = {isa = PBXFileReference; lastKnownFileType = sourcecode.swift; path = "String+Ext.swift"; sourceTree = "<group>"; };
		1D3C4AA62B95B1EF007264E6 /* HomeVC.swift */ = {isa = PBXFileReference; lastKnownFileType = sourcecode.swift; path = HomeVC.swift; sourceTree = "<group>"; };
		1D3C4AA82B95F6D9007264E6 /* CategCell.swift */ = {isa = PBXFileReference; lastKnownFileType = sourcecode.swift; path = CategCell.swift; sourceTree = "<group>"; };
		1D3C4AAC2B960B4D007264E6 /* TaskCountCell.swift */ = {isa = PBXFileReference; lastKnownFileType = sourcecode.swift; path = TaskCountCell.swift; sourceTree = "<group>"; };
		1D5409302B9905AC00B69081 /* toDoCell.swift */ = {isa = PBXFileReference; lastKnownFileType = sourcecode.swift; path = toDoCell.swift; sourceTree = "<group>"; };
		1D699D822B80D61400C9C6F2 /* noteor.app */ = {isa = PBXFileReference; explicitFileType = wrapper.application; includeInIndex = 0; path = noteor.app; sourceTree = BUILT_PRODUCTS_DIR; };
		1D699D852B80D61400C9C6F2 /* AppDelegate.swift */ = {isa = PBXFileReference; lastKnownFileType = sourcecode.swift; path = AppDelegate.swift; sourceTree = "<group>"; };
		1D699D872B80D61400C9C6F2 /* SceneDelegate.swift */ = {isa = PBXFileReference; lastKnownFileType = sourcecode.swift; path = SceneDelegate.swift; sourceTree = "<group>"; };
		1D699D892B80D61400C9C6F2 /* ViewController.swift */ = {isa = PBXFileReference; lastKnownFileType = sourcecode.swift; path = ViewController.swift; sourceTree = "<group>"; };
		1D699D8C2B80D61400C9C6F2 /* Base */ = {isa = PBXFileReference; lastKnownFileType = file.storyboard; name = Base; path = Base.lproj/Main.storyboard; sourceTree = "<group>"; };
		1D699D8E2B80D61700C9C6F2 /* Assets.xcassets */ = {isa = PBXFileReference; lastKnownFileType = folder.assetcatalog; path = Assets.xcassets; sourceTree = "<group>"; };
		1D699D912B80D61700C9C6F2 /* Base */ = {isa = PBXFileReference; lastKnownFileType = file.storyboard; name = Base; path = Base.lproj/LaunchScreen.storyboard; sourceTree = "<group>"; };
		1D699D932B80D61700C9C6F2 /* Info.plist */ = {isa = PBXFileReference; lastKnownFileType = text.plist.xml; path = Info.plist; sourceTree = "<group>"; };
		1D699D9C2B80E9C300C9C6F2 /* EATextField.swift */ = {isa = PBXFileReference; lastKnownFileType = sourcecode.swift; path = EATextField.swift; sourceTree = "<group>"; };
		1D699D9E2B80EDA000C9C6F2 /* EAButton.swift */ = {isa = PBXFileReference; lastKnownFileType = sourcecode.swift; path = EAButton.swift; sourceTree = "<group>"; };
		1D699DD92B80F36D00C9C6F2 /* NotesVC.swift */ = {isa = PBXFileReference; lastKnownFileType = sourcecode.swift; path = NotesVC.swift; sourceTree = "<group>"; };
		1D699DDB2B8100D500C9C6F2 /* TaskCell.swift */ = {isa = PBXFileReference; lastKnownFileType = sourcecode.swift; path = TaskCell.swift; sourceTree = "<group>"; };
		1D699DDD2B8104CC00C9C6F2 /* EATitle.swift */ = {isa = PBXFileReference; lastKnownFileType = sourcecode.swift; path = EATitle.swift; sourceTree = "<group>"; };
		1D699DDF2B81098000C9C6F2 /* AddItemVC.swift */ = {isa = PBXFileReference; lastKnownFileType = sourcecode.swift; path = AddItemVC.swift; sourceTree = "<group>"; };
		1D699DE12B810B1200C9C6F2 /* EALabel.swift */ = {isa = PBXFileReference; lastKnownFileType = sourcecode.swift; path = EALabel.swift; sourceTree = "<group>"; };
		1D699DE52B8117BF00C9C6F2 /* EATextView.swift */ = {isa = PBXFileReference; lastKnownFileType = sourcecode.swift; path = EATextView.swift; sourceTree = "<group>"; };
		1D699DE72B811EFC00C9C6F2 /* EditVC.swift */ = {isa = PBXFileReference; lastKnownFileType = sourcecode.swift; path = EditVC.swift; sourceTree = "<group>"; };
		1D699DE92B8120B300C9C6F2 /* EAView.swift */ = {isa = PBXFileReference; lastKnownFileType = sourcecode.swift; path = EAView.swift; sourceTree = "<group>"; };
		1D699DEC2B8139CA00C9C6F2 /* ColorCell.swift */ = {isa = PBXFileReference; lastKnownFileType = sourcecode.swift; path = ColorCell.swift; sourceTree = "<group>"; };
		1D699DEF2B8147C100C9C6F2 /* Notes.swift */ = {isa = PBXFileReference; lastKnownFileType = sourcecode.swift; path = Notes.swift; sourceTree = "<group>"; };
		1D749DAE2B90D96C0067F740 /* GoogleService-Info.plist */ = {isa = PBXFileReference; fileEncoding = 4; lastKnownFileType = text.plist.xml; name = "GoogleService-Info.plist"; path = "../../../Downloads/GoogleService-Info.plist"; sourceTree = "<group>"; };
		1D749DB02B92EBA50067F740 /* UIImage+Ext.swift */ = {isa = PBXFileReference; lastKnownFileType = sourcecode.swift; path = "UIImage+Ext.swift"; sourceTree = "<group>"; };
		1D749DB72B9454BC0067F740 /* CalendarVC.swift */ = {isa = PBXFileReference; lastKnownFileType = sourcecode.swift; path = CalendarVC.swift; sourceTree = "<group>"; };
		1D749DB92B9467160067F740 /* CalendarCell.swift */ = {isa = PBXFileReference; lastKnownFileType = sourcecode.swift; path = CalendarCell.swift; sourceTree = "<group>"; };
		1D9D7D952B832B14006A1DD8 /* AlertVC.swift */ = {isa = PBXFileReference; lastKnownFileType = sourcecode.swift; path = AlertVC.swift; sourceTree = "<group>"; };
		1D9D7D982B832FF8006A1DD8 /* UIViewController+Ext.swift */ = {isa = PBXFileReference; lastKnownFileType = sourcecode.swift; path = "UIViewController+Ext.swift"; sourceTree = "<group>"; };
		1D9D7D9A2B8495B1006A1DD8 /* AuthPassAlert.swift */ = {isa = PBXFileReference; lastKnownFileType = sourcecode.swift; path = AuthPassAlert.swift; sourceTree = "<group>"; };
/* End PBXFileReference section */

/* Begin PBXFrameworksBuildPhase section */
		1D699D7F2B80D61400C9C6F2 /* Frameworks */ = {
			isa = PBXFrameworksBuildPhase;
			buildActionMask = 2147483647;
			files = (
				1D699DB42B80F01A00C9C6F2 /* FirebaseDatabase in Frameworks */,
				1D699DC22B80F01A00C9C6F2 /* FirebaseFunctionsCombine-Community in Frameworks */,
				1D699DBA2B80F01A00C9C6F2 /* FirebaseFirestore in Frameworks */,
				1D699DA62B80F01A00C9C6F2 /* FirebaseAnalyticsSwift in Frameworks */,
				1D699DA22B80F01A00C9C6F2 /* FirebaseAnalytics in Frameworks */,
				1D749DB42B9453FC0067F740 /* FSCalendar in Frameworks */,
				1D699DA42B80F01A00C9C6F2 /* FirebaseAnalyticsOnDeviceConversion in Frameworks */,
				1D699DCA2B80F01A00C9C6F2 /* FirebaseMLModelDownloader in Frameworks */,
				1D699DBE2B80F01A00C9C6F2 /* FirebaseFirestoreSwift in Frameworks */,
				1D699DAA2B80F01A00C9C6F2 /* FirebaseAppCheck in Frameworks */,
				1D699DA82B80F01A00C9C6F2 /* FirebaseAnalyticsWithoutAdIdSupport in Frameworks */,
				1D699DAE2B80F01A00C9C6F2 /* FirebaseAuth in Frameworks */,
				1D699DB22B80F01A00C9C6F2 /* FirebaseCrashlytics in Frameworks */,
				1D699DD22B80F01A00C9C6F2 /* FirebaseRemoteConfigSwift in Frameworks */,
				1D699DC42B80F01A00C9C6F2 /* FirebaseInAppMessaging-Beta in Frameworks */,
				1D699DB62B80F01A00C9C6F2 /* FirebaseDatabaseSwift in Frameworks */,
				1D699DC02B80F01A00C9C6F2 /* FirebaseFunctions in Frameworks */,
				1D699DD62B80F01A00C9C6F2 /* FirebaseStorageCombine-Community in Frameworks */,
				1D699DD02B80F01A00C9C6F2 /* FirebaseRemoteConfig in Frameworks */,
				1D699DAC2B80F01A00C9C6F2 /* FirebaseAppDistribution-Beta in Frameworks */,
				1D699DB02B80F01A00C9C6F2 /* FirebaseAuthCombine-Community in Frameworks */,
				1D699DCE2B80F01A00C9C6F2 /* FirebasePerformance in Frameworks */,
				1D699DC62B80F01A00C9C6F2 /* FirebaseInAppMessagingSwift-Beta in Frameworks */,
				1D699DD42B80F01A00C9C6F2 /* FirebaseStorage in Frameworks */,
				1D699DB82B80F01A00C9C6F2 /* FirebaseDynamicLinks in Frameworks */,
				1D699DBC2B80F01A00C9C6F2 /* FirebaseFirestoreCombine-Community in Frameworks */,
				1D699DCC2B80F01A00C9C6F2 /* FirebaseMessaging in Frameworks */,
				1D699DC82B80F01A00C9C6F2 /* FirebaseInstallations in Frameworks */,
			);
			runOnlyForDeploymentPostprocessing = 0;
		};
/* End PBXFrameworksBuildPhase section */

/* Begin PBXGroup section */
		1D27AEBC2B99B98A00EF701D /* toDoCell */ = {
			isa = PBXGroup;
			children = (
				1D5409302B9905AC00B69081 /* toDoCell.swift */,
			);
			path = toDoCell;
			sourceTree = "<group>";
		};
		1D3C4AAA2B960B18007264E6 /* CollectionViews */ = {
			isa = PBXGroup;
			children = (
				1D3C4AA82B95F6D9007264E6 /* CategCell.swift */,
				1D699DEC2B8139CA00C9C6F2 /* ColorCell.swift */,
				1D699DDB2B8100D500C9C6F2 /* TaskCell.swift */,
			);
			path = CollectionViews;
			sourceTree = "<group>";
		};
		1D3C4AAB2B960B25007264E6 /* TableViews */ = {
			isa = PBXGroup;
			children = (
				1D27AEBC2B99B98A00EF701D /* toDoCell */,
				1D749DB92B9467160067F740 /* CalendarCell.swift */,
				1D3C4AAC2B960B4D007264E6 /* TaskCountCell.swift */,
			);
			path = TableViews;
			sourceTree = "<group>";
		};
		1D699D792B80D61400C9C6F2 = {
			isa = PBXGroup;
			children = (
				1D699D842B80D61400C9C6F2 /* noteor */,
				1D699D832B80D61400C9C6F2 /* Products */,
			);
			sourceTree = "<group>";
		};
		1D699D832B80D61400C9C6F2 /* Products */ = {
			isa = PBXGroup;
			children = (
				1D699D822B80D61400C9C6F2 /* noteor.app */,
			);
			name = Products;
			sourceTree = "<group>";
		};
		1D699D842B80D61400C9C6F2 /* noteor */ = {
			isa = PBXGroup;
			children = (
				1D749DAE2B90D96C0067F740 /* GoogleService-Info.plist */,
				1D9D7D972B832FE4006A1DD8 /* Ext */,
				1D699DEE2B8147B400C9C6F2 /* Model */,
				1D699D9B2B80E9AD00C9C6F2 /* CustomUI */,
				1D699D9A2B80D7D600C9C6F2 /* Controller */,
				1D699D992B80D7C800C9C6F2 /* Supporting */,
				1D699D8B2B80D61400C9C6F2 /* Main.storyboard */,
				1D699D902B80D61700C9C6F2 /* LaunchScreen.storyboard */,
				1D699D932B80D61700C9C6F2 /* Info.plist */,
			);
			path = noteor;
			sourceTree = "<group>";
		};
		1D699D992B80D7C800C9C6F2 /* Supporting */ = {
			isa = PBXGroup;
			children = (
				1D699D852B80D61400C9C6F2 /* AppDelegate.swift */,
				1D699D8E2B80D61700C9C6F2 /* Assets.xcassets */,
				1D699D872B80D61400C9C6F2 /* SceneDelegate.swift */,
			);
			path = Supporting;
			sourceTree = "<group>";
		};
		1D699D9A2B80D7D600C9C6F2 /* Controller */ = {
			isa = PBXGroup;
			children = (
				1D699D892B80D61400C9C6F2 /* ViewController.swift */,
				1D699DD92B80F36D00C9C6F2 /* NotesVC.swift */,
				1D699DDF2B81098000C9C6F2 /* AddItemVC.swift */,
				1D699DE72B811EFC00C9C6F2 /* EditVC.swift */,
				1D9D7D952B832B14006A1DD8 /* AlertVC.swift */,
				1D9D7D9A2B8495B1006A1DD8 /* AuthPassAlert.swift */,
				1D749DB72B9454BC0067F740 /* CalendarVC.swift */,
				1D3C4AA62B95B1EF007264E6 /* HomeVC.swift */,
			);
			path = Controller;
			sourceTree = "<group>";
		};
		1D699D9B2B80E9AD00C9C6F2 /* CustomUI */ = {
			isa = PBXGroup;
			children = (
				1D699D9E2B80EDA000C9C6F2 /* EAButton.swift */,
				1D9D7D942B8325C8006A1DD8 /* TextField */,
				1D699DEB2B8139A600C9C6F2 /* Cell */,
				1D9D7D932B8325B5006A1DD8 /* Title */,
				1D699DE92B8120B300C9C6F2 /* EAView.swift */,
			);
			path = CustomUI;
			sourceTree = "<group>";
		};
		1D699DEB2B8139A600C9C6F2 /* Cell */ = {
			isa = PBXGroup;
			children = (
				1D3C4AAB2B960B25007264E6 /* TableViews */,
				1D3C4AAA2B960B18007264E6 /* CollectionViews */,
			);
			path = Cell;
			sourceTree = "<group>";
		};
		1D699DEE2B8147B400C9C6F2 /* Model */ = {
			isa = PBXGroup;
			children = (
				1D699DEF2B8147C100C9C6F2 /* Notes.swift */,
			);
			path = Model;
			sourceTree = "<group>";
		};
		1D9D7D932B8325B5006A1DD8 /* Title */ = {
			isa = PBXGroup;
			children = (
				1D699DE12B810B1200C9C6F2 /* EALabel.swift */,
				1D699DDD2B8104CC00C9C6F2 /* EATitle.swift */,
			);
			path = Title;
			sourceTree = "<group>";
		};
		1D9D7D942B8325C8006A1DD8 /* TextField */ = {
			isa = PBXGroup;
			children = (
				1D699DE52B8117BF00C9C6F2 /* EATextView.swift */,
				1D699D9C2B80E9C300C9C6F2 /* EATextField.swift */,
			);
			path = TextField;
			sourceTree = "<group>";
		};
		1D9D7D972B832FE4006A1DD8 /* Ext */ = {
			isa = PBXGroup;
			children = (
				1D9D7D982B832FF8006A1DD8 /* UIViewController+Ext.swift */,
				1D749DB02B92EBA50067F740 /* UIImage+Ext.swift */,
				1D27AEBD2B9B64F400EF701D /* String+Ext.swift */,
			);
			path = Ext;
			sourceTree = "<group>";
		};
/* End PBXGroup section */

/* Begin PBXNativeTarget section */
		1D699D812B80D61400C9C6F2 /* noteor */ = {
			isa = PBXNativeTarget;
			buildConfigurationList = 1D699D962B80D61700C9C6F2 /* Build configuration list for PBXNativeTarget "noteor" */;
			buildPhases = (
				1D699D7E2B80D61400C9C6F2 /* Sources */,
				1D699D7F2B80D61400C9C6F2 /* Frameworks */,
				1D699D802B80D61400C9C6F2 /* Resources */,
			);
			buildRules = (
			);
			dependencies = (
			);
			name = noteor;
			packageProductDependencies = (
				1D699DA12B80F01A00C9C6F2 /* FirebaseAnalytics */,
				1D699DA32B80F01A00C9C6F2 /* FirebaseAnalyticsOnDeviceConversion */,
				1D699DA52B80F01A00C9C6F2 /* FirebaseAnalyticsSwift */,
				1D699DA72B80F01A00C9C6F2 /* FirebaseAnalyticsWithoutAdIdSupport */,
				1D699DA92B80F01A00C9C6F2 /* FirebaseAppCheck */,
				1D699DAB2B80F01A00C9C6F2 /* FirebaseAppDistribution-Beta */,
				1D699DAD2B80F01A00C9C6F2 /* FirebaseAuth */,
				1D699DAF2B80F01A00C9C6F2 /* FirebaseAuthCombine-Community */,
				1D699DB12B80F01A00C9C6F2 /* FirebaseCrashlytics */,
				1D699DB32B80F01A00C9C6F2 /* FirebaseDatabase */,
				1D699DB52B80F01A00C9C6F2 /* FirebaseDatabaseSwift */,
				1D699DB72B80F01A00C9C6F2 /* FirebaseDynamicLinks */,
				1D699DB92B80F01A00C9C6F2 /* FirebaseFirestore */,
				1D699DBB2B80F01A00C9C6F2 /* FirebaseFirestoreCombine-Community */,
				1D699DBD2B80F01A00C9C6F2 /* FirebaseFirestoreSwift */,
				1D699DBF2B80F01A00C9C6F2 /* FirebaseFunctions */,
				1D699DC12B80F01A00C9C6F2 /* FirebaseFunctionsCombine-Community */,
				1D699DC32B80F01A00C9C6F2 /* FirebaseInAppMessaging-Beta */,
				1D699DC52B80F01A00C9C6F2 /* FirebaseInAppMessagingSwift-Beta */,
				1D699DC72B80F01A00C9C6F2 /* FirebaseInstallations */,
				1D699DC92B80F01A00C9C6F2 /* FirebaseMLModelDownloader */,
				1D699DCB2B80F01A00C9C6F2 /* FirebaseMessaging */,
				1D699DCD2B80F01A00C9C6F2 /* FirebasePerformance */,
				1D699DCF2B80F01A00C9C6F2 /* FirebaseRemoteConfig */,
				1D699DD12B80F01A00C9C6F2 /* FirebaseRemoteConfigSwift */,
				1D699DD32B80F01A00C9C6F2 /* FirebaseStorage */,
				1D699DD52B80F01A00C9C6F2 /* FirebaseStorageCombine-Community */,
				1D749DB32B9453FC0067F740 /* FSCalendar */,
			);
			productName = noteor;
			productReference = 1D699D822B80D61400C9C6F2 /* noteor.app */;
			productType = "com.apple.product-type.application";
		};
/* End PBXNativeTarget section */

/* Begin PBXProject section */
		1D699D7A2B80D61400C9C6F2 /* Project object */ = {
			isa = PBXProject;
			attributes = {
				BuildIndependentTargetsInParallel = 1;
				LastSwiftUpdateCheck = 1500;
				LastUpgradeCheck = 1500;
				TargetAttributes = {
					1D699D812B80D61400C9C6F2 = {
						CreatedOnToolsVersion = 15.0.1;
					};
				};
			};
			buildConfigurationList = 1D699D7D2B80D61400C9C6F2 /* Build configuration list for PBXProject "noteor" */;
			compatibilityVersion = "Xcode 14.0";
			developmentRegion = en;
			hasScannedForEncodings = 0;
			knownRegions = (
				en,
				Base,
			);
			mainGroup = 1D699D792B80D61400C9C6F2;
			packageReferences = (
				1D699DA02B80F01A00C9C6F2 /* XCRemoteSwiftPackageReference "firebase-ios-sdk" */,
				1D749DB22B9453FC0067F740 /* XCRemoteSwiftPackageReference "FSCalendar" */,
			);
			productRefGroup = 1D699D832B80D61400C9C6F2 /* Products */;
			projectDirPath = "";
			projectRoot = "";
			targets = (
				1D699D812B80D61400C9C6F2 /* noteor */,
			);
		};
/* End PBXProject section */

/* Begin PBXResourcesBuildPhase section */
		1D699D802B80D61400C9C6F2 /* Resources */ = {
			isa = PBXResourcesBuildPhase;
			buildActionMask = 2147483647;
			files = (
				1D749DAF2B90D96C0067F740 /* GoogleService-Info.plist in Resources */,
				1D699D922B80D61700C9C6F2 /* LaunchScreen.storyboard in Resources */,
				1D699D8F2B80D61700C9C6F2 /* Assets.xcassets in Resources */,
				1D699D8D2B80D61400C9C6F2 /* Main.storyboard in Resources */,
			);
			runOnlyForDeploymentPostprocessing = 0;
		};
/* End PBXResourcesBuildPhase section */

/* Begin PBXSourcesBuildPhase section */
		1D699D7E2B80D61400C9C6F2 /* Sources */ = {
			isa = PBXSourcesBuildPhase;
			buildActionMask = 2147483647;
			files = (
				1D699DE22B810B1200C9C6F2 /* EALabel.swift in Sources */,
				1D749DBA2B9467160067F740 /* CalendarCell.swift in Sources */,
				1D3C4AAD2B960B4D007264E6 /* TaskCountCell.swift in Sources */,
				1D699DDE2B8104CC00C9C6F2 /* EATitle.swift in Sources */,
				1D699D8A2B80D61400C9C6F2 /* ViewController.swift in Sources */,
				1D699DDC2B8100D500C9C6F2 /* TaskCell.swift in Sources */,
				1D699D862B80D61400C9C6F2 /* AppDelegate.swift in Sources */,
				1D699D882B80D61400C9C6F2 /* SceneDelegate.swift in Sources */,
				1D699DE62B8117BF00C9C6F2 /* EATextView.swift in Sources */,
				1D3C4AA92B95F6D9007264E6 /* CategCell.swift in Sources */,
				1D699DDA2B80F36D00C9C6F2 /* NotesVC.swift in Sources */,
				1D3C4AA72B95B1EF007264E6 /* HomeVC.swift in Sources */,
				1D749DB12B92EBA50067F740 /* UIImage+Ext.swift in Sources */,
				1D699D9D2B80E9C300C9C6F2 /* EATextField.swift in Sources */,
				1D5409312B9905AC00B69081 /* toDoCell.swift in Sources */,
				1D749DB82B9454BC0067F740 /* CalendarVC.swift in Sources */,
				1D27AEBE2B9B64F400EF701D /* String+Ext.swift in Sources */,
				1D9D7D9B2B8495B1006A1DD8 /* AuthPassAlert.swift in Sources */,
				1D9D7D962B832B14006A1DD8 /* AlertVC.swift in Sources */,
				1D699DED2B8139CA00C9C6F2 /* ColorCell.swift in Sources */,
				1D9D7D992B832FF8006A1DD8 /* UIViewController+Ext.swift in Sources */,
				1D699DE02B81098100C9C6F2 /* AddItemVC.swift in Sources */,
				1D699DF02B8147C100C9C6F2 /* Notes.swift in Sources */,
				1D699DE82B811EFC00C9C6F2 /* EditVC.swift in Sources */,
				1D699DEA2B8120B300C9C6F2 /* EAView.swift in Sources */,
				1D699D9F2B80EDA000C9C6F2 /* EAButton.swift in Sources */,
			);
			runOnlyForDeploymentPostprocessing = 0;
		};
/* End PBXSourcesBuildPhase section */

/* Begin PBXVariantGroup section */
		1D699D8B2B80D61400C9C6F2 /* Main.storyboard */ = {
			isa = PBXVariantGroup;
			children = (
				1D699D8C2B80D61400C9C6F2 /* Base */,
			);
			name = Main.storyboard;
			sourceTree = "<group>";
		};
		1D699D902B80D61700C9C6F2 /* LaunchScreen.storyboard */ = {
			isa = PBXVariantGroup;
			children = (
				1D699D912B80D61700C9C6F2 /* Base */,
			);
			name = LaunchScreen.storyboard;
			sourceTree = "<group>";
		};
/* End PBXVariantGroup section */

/* Begin XCBuildConfiguration section */
		1D699D942B80D61700C9C6F2 /* Debug */ = {
			isa = XCBuildConfiguration;
			buildSettings = {
				ALWAYS_SEARCH_USER_PATHS = NO;
				ASSETCATALOG_COMPILER_GENERATE_SWIFT_ASSET_SYMBOL_EXTENSIONS = YES;
				CLANG_ANALYZER_NONNULL = YES;
				CLANG_ANALYZER_NUMBER_OBJECT_CONVERSION = YES_AGGRESSIVE;
				CLANG_CXX_LANGUAGE_STANDARD = "gnu++20";
				CLANG_ENABLE_MODULES = YES;
				CLANG_ENABLE_OBJC_ARC = YES;
				CLANG_ENABLE_OBJC_WEAK = YES;
				CLANG_WARN_BLOCK_CAPTURE_AUTORELEASING = YES;
				CLANG_WARN_BOOL_CONVERSION = YES;
				CLANG_WARN_COMMA = YES;
				CLANG_WARN_CONSTANT_CONVERSION = YES;
				CLANG_WARN_DEPRECATED_OBJC_IMPLEMENTATIONS = YES;
				CLANG_WARN_DIRECT_OBJC_ISA_USAGE = YES_ERROR;
				CLANG_WARN_DOCUMENTATION_COMMENTS = YES;
				CLANG_WARN_EMPTY_BODY = YES;
				CLANG_WARN_ENUM_CONVERSION = YES;
				CLANG_WARN_INFINITE_RECURSION = YES;
				CLANG_WARN_INT_CONVERSION = YES;
				CLANG_WARN_NON_LITERAL_NULL_CONVERSION = YES;
				CLANG_WARN_OBJC_IMPLICIT_RETAIN_SELF = YES;
				CLANG_WARN_OBJC_LITERAL_CONVERSION = YES;
				CLANG_WARN_OBJC_ROOT_CLASS = YES_ERROR;
				CLANG_WARN_QUOTED_INCLUDE_IN_FRAMEWORK_HEADER = YES;
				CLANG_WARN_RANGE_LOOP_ANALYSIS = YES;
				CLANG_WARN_STRICT_PROTOTYPES = YES;
				CLANG_WARN_SUSPICIOUS_MOVE = YES;
				CLANG_WARN_UNGUARDED_AVAILABILITY = YES_AGGRESSIVE;
				CLANG_WARN_UNREACHABLE_CODE = YES;
				CLANG_WARN__DUPLICATE_METHOD_MATCH = YES;
				COPY_PHASE_STRIP = NO;
				DEBUG_INFORMATION_FORMAT = dwarf;
				ENABLE_STRICT_OBJC_MSGSEND = YES;
				ENABLE_TESTABILITY = YES;
				ENABLE_USER_SCRIPT_SANDBOXING = YES;
				GCC_C_LANGUAGE_STANDARD = gnu17;
				GCC_DYNAMIC_NO_PIC = NO;
				GCC_NO_COMMON_BLOCKS = YES;
				GCC_OPTIMIZATION_LEVEL = 0;
				GCC_PREPROCESSOR_DEFINITIONS = (
					"DEBUG=1",
					"$(inherited)",
				);
				GCC_WARN_64_TO_32_BIT_CONVERSION = YES;
				GCC_WARN_ABOUT_RETURN_TYPE = YES_ERROR;
				GCC_WARN_UNDECLARED_SELECTOR = YES;
				GCC_WARN_UNINITIALIZED_AUTOS = YES_AGGRESSIVE;
				GCC_WARN_UNUSED_FUNCTION = YES;
				GCC_WARN_UNUSED_VARIABLE = YES;
				IPHONEOS_DEPLOYMENT_TARGET = 17.0;
				LOCALIZATION_PREFERS_STRING_CATALOGS = YES;
				MTL_ENABLE_DEBUG_INFO = INCLUDE_SOURCE;
				MTL_FAST_MATH = YES;
				ONLY_ACTIVE_ARCH = YES;
				SDKROOT = iphoneos;
				SWIFT_ACTIVE_COMPILATION_CONDITIONS = "DEBUG $(inherited)";
				SWIFT_OPTIMIZATION_LEVEL = "-Onone";
			};
			name = Debug;
		};
		1D699D952B80D61700C9C6F2 /* Release */ = {
			isa = XCBuildConfiguration;
			buildSettings = {
				ALWAYS_SEARCH_USER_PATHS = NO;
				ASSETCATALOG_COMPILER_GENERATE_SWIFT_ASSET_SYMBOL_EXTENSIONS = YES;
				CLANG_ANALYZER_NONNULL = YES;
				CLANG_ANALYZER_NUMBER_OBJECT_CONVERSION = YES_AGGRESSIVE;
				CLANG_CXX_LANGUAGE_STANDARD = "gnu++20";
				CLANG_ENABLE_MODULES = YES;
				CLANG_ENABLE_OBJC_ARC = YES;
				CLANG_ENABLE_OBJC_WEAK = YES;
				CLANG_WARN_BLOCK_CAPTURE_AUTORELEASING = YES;
				CLANG_WARN_BOOL_CONVERSION = YES;
				CLANG_WARN_COMMA = YES;
				CLANG_WARN_CONSTANT_CONVERSION = YES;
				CLANG_WARN_DEPRECATED_OBJC_IMPLEMENTATIONS = YES;
				CLANG_WARN_DIRECT_OBJC_ISA_USAGE = YES_ERROR;
				CLANG_WARN_DOCUMENTATION_COMMENTS = YES;
				CLANG_WARN_EMPTY_BODY = YES;
				CLANG_WARN_ENUM_CONVERSION = YES;
				CLANG_WARN_INFINITE_RECURSION = YES;
				CLANG_WARN_INT_CONVERSION = YES;
				CLANG_WARN_NON_LITERAL_NULL_CONVERSION = YES;
				CLANG_WARN_OBJC_IMPLICIT_RETAIN_SELF = YES;
				CLANG_WARN_OBJC_LITERAL_CONVERSION = YES;
				CLANG_WARN_OBJC_ROOT_CLASS = YES_ERROR;
				CLANG_WARN_QUOTED_INCLUDE_IN_FRAMEWORK_HEADER = YES;
				CLANG_WARN_RANGE_LOOP_ANALYSIS = YES;
				CLANG_WARN_STRICT_PROTOTYPES = YES;
				CLANG_WARN_SUSPICIOUS_MOVE = YES;
				CLANG_WARN_UNGUARDED_AVAILABILITY = YES_AGGRESSIVE;
				CLANG_WARN_UNREACHABLE_CODE = YES;
				CLANG_WARN__DUPLICATE_METHOD_MATCH = YES;
				COPY_PHASE_STRIP = NO;
				DEBUG_INFORMATION_FORMAT = "dwarf-with-dsym";
				ENABLE_NS_ASSERTIONS = NO;
				ENABLE_STRICT_OBJC_MSGSEND = YES;
				ENABLE_USER_SCRIPT_SANDBOXING = YES;
				GCC_C_LANGUAGE_STANDARD = gnu17;
				GCC_NO_COMMON_BLOCKS = YES;
				GCC_WARN_64_TO_32_BIT_CONVERSION = YES;
				GCC_WARN_ABOUT_RETURN_TYPE = YES_ERROR;
				GCC_WARN_UNDECLARED_SELECTOR = YES;
				GCC_WARN_UNINITIALIZED_AUTOS = YES_AGGRESSIVE;
				GCC_WARN_UNUSED_FUNCTION = YES;
				GCC_WARN_UNUSED_VARIABLE = YES;
				IPHONEOS_DEPLOYMENT_TARGET = 17.0;
				LOCALIZATION_PREFERS_STRING_CATALOGS = YES;
				MTL_ENABLE_DEBUG_INFO = NO;
				MTL_FAST_MATH = YES;
				SDKROOT = iphoneos;
				SWIFT_COMPILATION_MODE = wholemodule;
				VALIDATE_PRODUCT = YES;
			};
			name = Release;
		};
		1D699D972B80D61700C9C6F2 /* Debug */ = {
			isa = XCBuildConfiguration;
			buildSettings = {
				ASSETCATALOG_COMPILER_APPICON_NAME = AppIcon;
				ASSETCATALOG_COMPILER_GLOBAL_ACCENT_COLOR_NAME = AccentColor;
				CODE_SIGN_STYLE = Automatic;
				CURRENT_PROJECT_VERSION = 1;
				DEVELOPMENT_TEAM = 4NVD8GK9BF;
				GENERATE_INFOPLIST_FILE = YES;
				INFOPLIST_FILE = noteor/Info.plist;
				INFOPLIST_KEY_UIApplicationSupportsIndirectInputEvents = YES;
				INFOPLIST_KEY_UILaunchStoryboardName = LaunchScreen;
				INFOPLIST_KEY_UIMainStoryboardFile = Main;
				INFOPLIST_KEY_UISupportedInterfaceOrientations_iPad = "UIInterfaceOrientationPortrait UIInterfaceOrientationPortraitUpsideDown UIInterfaceOrientationLandscapeLeft UIInterfaceOrientationLandscapeRight";
				INFOPLIST_KEY_UISupportedInterfaceOrientations_iPhone = "UIInterfaceOrientationPortrait UIInterfaceOrientationLandscapeLeft UIInterfaceOrientationLandscapeRight";
				LD_RUNPATH_SEARCH_PATHS = (
					"$(inherited)",
					"@executable_path/Frameworks",
				);
				MARKETING_VERSION = 1.0;
				PRODUCT_BUNDLE_IDENTIFIER = com.emiraksu.noteor;
				PRODUCT_NAME = "$(TARGET_NAME)";
				SWIFT_EMIT_LOC_STRINGS = YES;
				SWIFT_VERSION = 5.0;
				TARGETED_DEVICE_FAMILY = "1,2";
			};
			name = Debug;
		};
		1D699D982B80D61700C9C6F2 /* Release */ = {
			isa = XCBuildConfiguration;
			buildSettings = {
				ASSETCATALOG_COMPILER_APPICON_NAME = AppIcon;
				ASSETCATALOG_COMPILER_GLOBAL_ACCENT_COLOR_NAME = AccentColor;
				CODE_SIGN_STYLE = Automatic;
				CURRENT_PROJECT_VERSION = 1;
				DEVELOPMENT_TEAM = 4NVD8GK9BF;
				GENERATE_INFOPLIST_FILE = YES;
				INFOPLIST_FILE = noteor/Info.plist;
				INFOPLIST_KEY_UIApplicationSupportsIndirectInputEvents = YES;
				INFOPLIST_KEY_UILaunchStoryboardName = LaunchScreen;
				INFOPLIST_KEY_UIMainStoryboardFile = Main;
				INFOPLIST_KEY_UISupportedInterfaceOrientations_iPad = "UIInterfaceOrientationPortrait UIInterfaceOrientationPortraitUpsideDown UIInterfaceOrientationLandscapeLeft UIInterfaceOrientationLandscapeRight";
				INFOPLIST_KEY_UISupportedInterfaceOrientations_iPhone = "UIInterfaceOrientationPortrait UIInterfaceOrientationLandscapeLeft UIInterfaceOrientationLandscapeRight";
				LD_RUNPATH_SEARCH_PATHS = (
					"$(inherited)",
					"@executable_path/Frameworks",
				);
				MARKETING_VERSION = 1.0;
				PRODUCT_BUNDLE_IDENTIFIER = com.emiraksu.noteor;
				PRODUCT_NAME = "$(TARGET_NAME)";
				SWIFT_EMIT_LOC_STRINGS = YES;
				SWIFT_VERSION = 5.0;
				TARGETED_DEVICE_FAMILY = "1,2";
			};
			name = Release;
		};
/* End XCBuildConfiguration section */

/* Begin XCConfigurationList section */
		1D699D7D2B80D61400C9C6F2 /* Build configuration list for PBXProject "noteor" */ = {
			isa = XCConfigurationList;
			buildConfigurations = (
				1D699D942B80D61700C9C6F2 /* Debug */,
				1D699D952B80D61700C9C6F2 /* Release */,
			);
			defaultConfigurationIsVisible = 0;
			defaultConfigurationName = Release;
		};
		1D699D962B80D61700C9C6F2 /* Build configuration list for PBXNativeTarget "noteor" */ = {
			isa = XCConfigurationList;
			buildConfigurations = (
				1D699D972B80D61700C9C6F2 /* Debug */,
				1D699D982B80D61700C9C6F2 /* Release */,
			);
			defaultConfigurationIsVisible = 0;
			defaultConfigurationName = Release;
		};
/* End XCConfigurationList section */

/* Begin XCRemoteSwiftPackageReference section */
		1D699DA02B80F01A00C9C6F2 /* XCRemoteSwiftPackageReference "firebase-ios-sdk" */ = {
			isa = XCRemoteSwiftPackageReference;
			repositoryURL = "https://github.com/firebase/firebase-ios-sdk";
			requirement = {
				kind = upToNextMajorVersion;
				minimumVersion = 10.21.0;
			};
		};
		1D749DB22B9453FC0067F740 /* XCRemoteSwiftPackageReference "FSCalendar" */ = {
			isa = XCRemoteSwiftPackageReference;
			repositoryURL = "https://github.com/WenchaoD/FSCalendar";
			requirement = {
				kind = upToNextMajorVersion;
				minimumVersion = 2.8.4;
			};
		};
/* End XCRemoteSwiftPackageReference section */

/* Begin XCSwiftPackageProductDependency section */
		1D699DA12B80F01A00C9C6F2 /* FirebaseAnalytics */ = {
			isa = XCSwiftPackageProductDependency;
			package = 1D699DA02B80F01A00C9C6F2 /* XCRemoteSwiftPackageReference "firebase-ios-sdk" */;
			productName = FirebaseAnalytics;
		};
		1D699DA32B80F01A00C9C6F2 /* FirebaseAnalyticsOnDeviceConversion */ = {
			isa = XCSwiftPackageProductDependency;
			package = 1D699DA02B80F01A00C9C6F2 /* XCRemoteSwiftPackageReference "firebase-ios-sdk" */;
			productName = FirebaseAnalyticsOnDeviceConversion;
		};
		1D699DA52B80F01A00C9C6F2 /* FirebaseAnalyticsSwift */ = {
			isa = XCSwiftPackageProductDependency;
			package = 1D699DA02B80F01A00C9C6F2 /* XCRemoteSwiftPackageReference "firebase-ios-sdk" */;
			productName = FirebaseAnalyticsSwift;
		};
		1D699DA72B80F01A00C9C6F2 /* FirebaseAnalyticsWithoutAdIdSupport */ = {
			isa = XCSwiftPackageProductDependency;
			package = 1D699DA02B80F01A00C9C6F2 /* XCRemoteSwiftPackageReference "firebase-ios-sdk" */;
			productName = FirebaseAnalyticsWithoutAdIdSupport;
		};
		1D699DA92B80F01A00C9C6F2 /* FirebaseAppCheck */ = {
			isa = XCSwiftPackageProductDependency;
			package = 1D699DA02B80F01A00C9C6F2 /* XCRemoteSwiftPackageReference "firebase-ios-sdk" */;
			productName = FirebaseAppCheck;
		};
		1D699DAB2B80F01A00C9C6F2 /* FirebaseAppDistribution-Beta */ = {
			isa = XCSwiftPackageProductDependency;
			package = 1D699DA02B80F01A00C9C6F2 /* XCRemoteSwiftPackageReference "firebase-ios-sdk" */;
			productName = "FirebaseAppDistribution-Beta";
		};
		1D699DAD2B80F01A00C9C6F2 /* FirebaseAuth */ = {
			isa = XCSwiftPackageProductDependency;
			package = 1D699DA02B80F01A00C9C6F2 /* XCRemoteSwiftPackageReference "firebase-ios-sdk" */;
			productName = FirebaseAuth;
		};
		1D699DAF2B80F01A00C9C6F2 /* FirebaseAuthCombine-Community */ = {
			isa = XCSwiftPackageProductDependency;
			package = 1D699DA02B80F01A00C9C6F2 /* XCRemoteSwiftPackageReference "firebase-ios-sdk" */;
			productName = "FirebaseAuthCombine-Community";
		};
		1D699DB12B80F01A00C9C6F2 /* FirebaseCrashlytics */ = {
			isa = XCSwiftPackageProductDependency;
			package = 1D699DA02B80F01A00C9C6F2 /* XCRemoteSwiftPackageReference "firebase-ios-sdk" */;
			productName = FirebaseCrashlytics;
		};
		1D699DB32B80F01A00C9C6F2 /* FirebaseDatabase */ = {
			isa = XCSwiftPackageProductDependency;
			package = 1D699DA02B80F01A00C9C6F2 /* XCRemoteSwiftPackageReference "firebase-ios-sdk" */;
			productName = FirebaseDatabase;
		};
		1D699DB52B80F01A00C9C6F2 /* FirebaseDatabaseSwift */ = {
			isa = XCSwiftPackageProductDependency;
			package = 1D699DA02B80F01A00C9C6F2 /* XCRemoteSwiftPackageReference "firebase-ios-sdk" */;
			productName = FirebaseDatabaseSwift;
		};
		1D699DB72B80F01A00C9C6F2 /* FirebaseDynamicLinks */ = {
			isa = XCSwiftPackageProductDependency;
			package = 1D699DA02B80F01A00C9C6F2 /* XCRemoteSwiftPackageReference "firebase-ios-sdk" */;
			productName = FirebaseDynamicLinks;
		};
		1D699DB92B80F01A00C9C6F2 /* FirebaseFirestore */ = {
			isa = XCSwiftPackageProductDependency;
			package = 1D699DA02B80F01A00C9C6F2 /* XCRemoteSwiftPackageReference "firebase-ios-sdk" */;
			productName = FirebaseFirestore;
		};
		1D699DBB2B80F01A00C9C6F2 /* FirebaseFirestoreCombine-Community */ = {
			isa = XCSwiftPackageProductDependency;
			package = 1D699DA02B80F01A00C9C6F2 /* XCRemoteSwiftPackageReference "firebase-ios-sdk" */;
			productName = "FirebaseFirestoreCombine-Community";
		};
		1D699DBD2B80F01A00C9C6F2 /* FirebaseFirestoreSwift */ = {
			isa = XCSwiftPackageProductDependency;
			package = 1D699DA02B80F01A00C9C6F2 /* XCRemoteSwiftPackageReference "firebase-ios-sdk" */;
			productName = FirebaseFirestoreSwift;
		};
		1D699DBF2B80F01A00C9C6F2 /* FirebaseFunctions */ = {
			isa = XCSwiftPackageProductDependency;
			package = 1D699DA02B80F01A00C9C6F2 /* XCRemoteSwiftPackageReference "firebase-ios-sdk" */;
			productName = FirebaseFunctions;
		};
		1D699DC12B80F01A00C9C6F2 /* FirebaseFunctionsCombine-Community */ = {
			isa = XCSwiftPackageProductDependency;
			package = 1D699DA02B80F01A00C9C6F2 /* XCRemoteSwiftPackageReference "firebase-ios-sdk" */;
			productName = "FirebaseFunctionsCombine-Community";
		};
		1D699DC32B80F01A00C9C6F2 /* FirebaseInAppMessaging-Beta */ = {
			isa = XCSwiftPackageProductDependency;
			package = 1D699DA02B80F01A00C9C6F2 /* XCRemoteSwiftPackageReference "firebase-ios-sdk" */;
			productName = "FirebaseInAppMessaging-Beta";
		};
		1D699DC52B80F01A00C9C6F2 /* FirebaseInAppMessagingSwift-Beta */ = {
			isa = XCSwiftPackageProductDependency;
			package = 1D699DA02B80F01A00C9C6F2 /* XCRemoteSwiftPackageReference "firebase-ios-sdk" */;
			productName = "FirebaseInAppMessagingSwift-Beta";
		};
		1D699DC72B80F01A00C9C6F2 /* FirebaseInstallations */ = {
			isa = XCSwiftPackageProductDependency;
			package = 1D699DA02B80F01A00C9C6F2 /* XCRemoteSwiftPackageReference "firebase-ios-sdk" */;
			productName = FirebaseInstallations;
		};
		1D699DC92B80F01A00C9C6F2 /* FirebaseMLModelDownloader */ = {
			isa = XCSwiftPackageProductDependency;
			package = 1D699DA02B80F01A00C9C6F2 /* XCRemoteSwiftPackageReference "firebase-ios-sdk" */;
			productName = FirebaseMLModelDownloader;
		};
		1D699DCB2B80F01A00C9C6F2 /* FirebaseMessaging */ = {
			isa = XCSwiftPackageProductDependency;
			package = 1D699DA02B80F01A00C9C6F2 /* XCRemoteSwiftPackageReference "firebase-ios-sdk" */;
			productName = FirebaseMessaging;
		};
		1D699DCD2B80F01A00C9C6F2 /* FirebasePerformance */ = {
			isa = XCSwiftPackageProductDependency;
			package = 1D699DA02B80F01A00C9C6F2 /* XCRemoteSwiftPackageReference "firebase-ios-sdk" */;
			productName = FirebasePerformance;
		};
		1D699DCF2B80F01A00C9C6F2 /* FirebaseRemoteConfig */ = {
			isa = XCSwiftPackageProductDependency;
			package = 1D699DA02B80F01A00C9C6F2 /* XCRemoteSwiftPackageReference "firebase-ios-sdk" */;
			productName = FirebaseRemoteConfig;
		};
		1D699DD12B80F01A00C9C6F2 /* FirebaseRemoteConfigSwift */ = {
			isa = XCSwiftPackageProductDependency;
			package = 1D699DA02B80F01A00C9C6F2 /* XCRemoteSwiftPackageReference "firebase-ios-sdk" */;
			productName = FirebaseRemoteConfigSwift;
		};
		1D699DD32B80F01A00C9C6F2 /* FirebaseStorage */ = {
			isa = XCSwiftPackageProductDependency;
			package = 1D699DA02B80F01A00C9C6F2 /* XCRemoteSwiftPackageReference "firebase-ios-sdk" */;
			productName = FirebaseStorage;
		};
		1D699DD52B80F01A00C9C6F2 /* FirebaseStorageCombine-Community */ = {
			isa = XCSwiftPackageProductDependency;
			package = 1D699DA02B80F01A00C9C6F2 /* XCRemoteSwiftPackageReference "firebase-ios-sdk" */;
			productName = "FirebaseStorageCombine-Community";
		};
		1D749DB32B9453FC0067F740 /* FSCalendar */ = {
			isa = XCSwiftPackageProductDependency;
			package = 1D749DB22B9453FC0067F740 /* XCRemoteSwiftPackageReference "FSCalendar" */;
			productName = FSCalendar;
		};
/* End XCSwiftPackageProductDependency section */
	};
	rootObject = 1D699D7A2B80D61400C9C6F2 /* Project object */;
}
